
Microsoft Visual Studio Solution File, Format Version 12.00
# Visual Studio Version 17
VisualStudioVersion = 17.0.32112.339
MinimumVisualStudioVersion = 10.0.40219.1
Project("{FAE04EC0-301F-11D3-BF4B-00C04F79EFBC}") = "Vips", "Vips.csproj", "{453FC074-BAC1-4FA8-B9D9-A3427D0A8A0F}"
EndProject
Global
	GlobalSection(SolutionConfigurationPlatforms) = preSolution
		Debug|Any CPU = Debug|Any CPU
		Release|Any CPU = Release|Any CPU
	EndGlobalSection
	GlobalSection(ProjectConfigurationPlatforms) = postSolution
		{453FC074-BAC1-4FA8-B9D9-A3427D0A8A0F}.Debug|Any CPU.ActiveCfg = Debug|Any CPU
		{453FC074-BAC1-4FA8-B9D9-A3427D0A8A0F}.Debug|Any CPU.Build.0 = Debug|Any CPU
		{453FC074-BAC1-4FA8-B9D9-A3427D0A8A0F}.Release|Any CPU.ActiveCfg = Release|Any CPU
		{453FC074-BAC1-4FA8-B9D9-A3427D0A8A0F}.Release|Any CPU.Build.0 = Release|Any CPU
	EndGlobalSection
	GlobalSection(SolutionProperties) = preSolution
		HideSolutionNode = FALSE
	EndGlobalSection
	GlobalSection(ExtensibilityGlobals) = postSolution
		SolutionGuid = {5D9A526D-8B89-46A9-BB30-5C44793401EB}
	EndGlobalSection
EndGlobal
